
Microsoft Visual Studio Solution File, Format Version 12.00
# Visual Studio Version 17
VisualStudioVersion = 17.3.32922.545
MinimumVisualStudioVersion = 10.0.40219.1
Project("{FAE04EC0-301F-11D3-BF4B-00C04F79EFBC}") = "Do_An_Hao_1", "Do_An_Hao_1\Do_An_Hao_1.csproj", "{698EFE6F-1320-4CAB-954D-314AB7927E11}"
EndProject
Global
	GlobalSection(SolutionConfigurationPlatforms) = preSolution
		Debug|Any CPU = Debug|Any CPU
		Release|Any CPU = Release|Any CPU
	EndGlobalSection
	GlobalSection(ProjectConfigurationPlatforms) = postSolution
		{698EFE6F-1320-4CAB-954D-314AB7927E11}.Debug|Any CPU.ActiveCfg = Debug|Any CPU
		{698EFE6F-1320-4CAB-954D-314AB7927E11}.Debug|Any CPU.Build.0 = Debug|Any CPU
		{698EFE6F-1320-4CAB-954D-314AB7927E11}.Release|Any CPU.ActiveCfg = Release|Any CPU
		{698EFE6F-1320-4CAB-954D-314AB7927E11}.Release|Any CPU.Build.0 = Release|Any CPU
	EndGlobalSection
	GlobalSection(SolutionProperties) = preSolution
		HideSolutionNode = FALSE
	EndGlobalSection
	GlobalSection(ExtensibilityGlobals) = postSolution
		SolutionGuid = {3A6A6A5C-508C-4BAE-82CE-5209A7578106}
	EndGlobalSection
EndGlobal
